{
  "nodes": {
    "emacs-overlay": {
      "inputs": {
        "flake-utils": "flake-utils",
        "nixpkgs": "nixpkgs",
        "nixpkgs-stable": "nixpkgs-stable"
      },
      "locked": {
        "lastModified": 1729847607,
        "narHash": "sha256-a5CwSoNGyQAyg13i+WfvVREUouoBKYeqsAZAnxfqeuQ=",
        "owner": "nix-community",
        "repo": "emacs-overlay",
        "rev": "8585c0d7f7b5efa704112bbfc6310cebacb94e69",
        "type": "github"
      },
      "original": {
        "owner": "nix-community",
        "repo": "emacs-overlay",
        "type": "github"
      }
    },
    "flake-compat": {
      "flake": false,
      "locked": {
        "lastModified": 1606424373,
        "narHash": "sha256-oq8d4//CJOrVj+EcOaSXvMebvuTkmBJuT5tzlfewUnQ=",
        "owner": "edolstra",
        "repo": "flake-compat",
        "rev": "99f1c2157fba4bfe6211a321fd0ee43199025dbf",
        "type": "github"
      },
      "original": {
        "owner": "edolstra",
        "repo": "flake-compat",
        "type": "github"
      }
    },
    "flake-compat_2": {
      "flake": false,
      "locked": {
        "lastModified": 1606424373,
        "narHash": "sha256-oq8d4//CJOrVj+EcOaSXvMebvuTkmBJuT5tzlfewUnQ=",
        "owner": "edolstra",
        "repo": "flake-compat",
        "rev": "99f1c2157fba4bfe6211a321fd0ee43199025dbf",
        "type": "github"
      },
      "original": {
        "owner": "edolstra",
        "repo": "flake-compat",
        "type": "github"
      }
    },
    "flake-utils": {
      "inputs": {
        "systems": "systems"
      },
      "locked": {
        "lastModified": 1726560853,
        "narHash": "sha256-X6rJYSESBVr3hBoH0WbKE5KvhPU5bloyZ2L4K60/fPQ=",
        "owner": "numtide",
        "repo": "flake-utils",
        "rev": "c1dfcf08411b08f6b8615f7d8971a2bfa81d5e8a",
        "type": "github"
      },
      "original": {
        "owner": "numtide",
        "repo": "flake-utils",
        "type": "github"
      }
    },
    "hm-kubernetes": {
      "inputs": {
        "nixpkgs": "nixpkgs_2"
      },
      "locked": {
        "lastModified": 1674457913,
        "narHash": "sha256-GEbhbcIZcIHUjvLdkCg93et8UcJzKL/Y7wE2oAzjGXk=",
        "owner": "huuff",
        "repo": "hm-kubernetes",
        "rev": "af57691c9f9a658d0f3f0dc6f549ce1e78bc4fed",
        "type": "github"
      },
      "original": {
        "owner": "huuff",
        "repo": "hm-kubernetes",
        "type": "github"
      }
    },
    "home-manager": {
      "inputs": {
        "nixpkgs": [
          "nixpkgs"
        ]
      },
      "locked": {
        "lastModified": 1726989464,
        "narHash": "sha256-Vl+WVTJwutXkimwGprnEtXc/s/s8sMuXzqXaspIGlwM=",
        "owner": "nix-community",
        "repo": "home-manager",
        "rev": "2f23fa308a7c067e52dfcc30a0758f47043ec176",
        "type": "github"
      },
      "original": {
        "owner": "nix-community",
        "ref": "release-24.05",
        "repo": "home-manager",
        "type": "github"
      }
    },
    "myDrvs": {
      "inputs": {
        "flake-compat": "flake-compat",
        "nixpkgs": "nixpkgs_3",
        "utils": "utils"
      },
      "locked": {
        "lastModified": 1629321512,
        "narHash": "sha256-J5Ixpk7IfMG6gWvWt8N6bEkZWvdOHgih2jbDrA1I2DM=",
        "owner": "huuff",
        "repo": "derivations",
        "rev": "1adba48822420af9d0c3b0c7240d69049cb28ab1",
        "type": "github"
      },
      "original": {
        "owner": "huuff",
        "repo": "derivations",
        "type": "github"
      }
    },
    "nix-index-database": {
      "inputs": {
        "nixpkgs": [
          "nixpkgs"
        ]
      },
      "locked": {
        "lastModified": 1729394935,
        "narHash": "sha256-2ntUG+NJKdfhlrh/tF+jOU0fOesO7lm5ZZVSYitsvH8=",
        "owner": "Mic92",
        "repo": "nix-index-database",
        "rev": "04f8a11f247ba00263b060fbcdc95484fd046104",
        "type": "github"
      },
      "original": {
        "owner": "Mic92",
        "repo": "nix-index-database",
        "type": "github"
      }
    },
    "nix-portable-shell": {
      "inputs": {
        "nixpkgs": "nixpkgs_4"
      },
      "locked": {
        "lastModified": 1663254025,
        "narHash": "sha256-mvPpof2c+r2QweGWWVvCjhsCdHUcfrqoSgAmF0n8kF8=",
        "owner": "huuff",
        "repo": "nix-portable-shell",
        "rev": "d32a9ff68719479e7a7b22f132468e0f278102a8",
        "type": "github"
      },
      "original": {
        "owner": "huuff",
        "repo": "nix-portable-shell",
        "type": "github"
      }
    },
    "nix-soapui": {
      "inputs": {
        "nixpkgs": "nixpkgs_5"
      },
      "locked": {
        "lastModified": 1658999950,
        "narHash": "sha256-DKVZ/qaM+mvfEftPQuFzIFRl6+UCD7pqT0OkZlXFQTY=",
        "owner": "huuff",
        "repo": "nix-soapui",
        "rev": "9780c5076d6430180eb6ad2535abbdc5379c682d",
        "type": "github"
      },
      "original": {
        "owner": "huuff",
        "repo": "nix-soapui",
        "type": "github"
      }
    },
    "nixpkgs": {
      "locked": {
        "lastModified": 1729665710,
        "narHash": "sha256-AlcmCXJZPIlO5dmFzV3V2XF6x/OpNWUV8Y/FMPGd8Z4=",
        "owner": "NixOS",
        "repo": "nixpkgs",
        "rev": "2768c7d042a37de65bb1b5b3268fc987e534c49d",
        "type": "github"
      },
      "original": {
        "owner": "NixOS",
        "ref": "nixos-unstable",
        "repo": "nixpkgs",
        "type": "github"
      }
    },
    "nixpkgs-stable": {
      "locked": {
        "lastModified": 1729691686,
        "narHash": "sha256-BAuPWW+9fa1moZTU+jFh+1cUtmsuF8asgzFwejM4wac=",
        "owner": "NixOS",
        "repo": "nixpkgs",
        "rev": "32e940c7c420600ef0d1ef396dc63b04ee9cad37",
        "type": "github"
      },
      "original": {
        "owner": "NixOS",
        "ref": "nixos-24.05",
        "repo": "nixpkgs",
        "type": "github"
      }
    },
    "nixpkgs_2": {
      "locked": {
        "lastModified": 1663208935,
        "narHash": "sha256-/tLjIp/U2RO7RBkCKCUW/CK5lBP1JYatpPRw65QqSJg=",
        "owner": "nixos",
        "repo": "nixpkgs",
        "rev": "288a708031cbe396847c89ee4213596242a12520",
        "type": "github"
      },
      "original": {
        "owner": "nixos",
        "ref": "nixos-unstable-small",
        "repo": "nixpkgs",
        "type": "github"
      }
    },
    "nixpkgs_3": {
      "locked": {
        "lastModified": 1625419891,
        "narHash": "sha256-hf1/z/0oe8n/pKIpmogUpB+2T87O8ApV0691aqbcO9A=",
        "owner": "NixOS",
        "repo": "nixpkgs",
        "rev": "0a17f3b530f90f2f6d40a38f14d72549ddf0f873",
        "type": "github"
      },
      "original": {
        "owner": "NixOS",
        "repo": "nixpkgs",
        "type": "github"
      }
    },
    "nixpkgs_4": {
      "locked": {
        "lastModified": 1662070595,
        "narHash": "sha256-fYrdaUXhV4oPhkehHRwj78d1VjATnK4SF0fElEQUyLw=",
        "owner": "nixos",
        "repo": "nixpkgs",
        "rev": "9f867325b5da6c4c9211707abdb481e1d0b3e589",
        "type": "github"
      },
      "original": {
        "owner": "nixos",
        "ref": "nixos-unstable-small",
        "repo": "nixpkgs",
        "type": "github"
      }
    },
    "nixpkgs_5": {
      "locked": {
        "lastModified": 1658912196,
        "narHash": "sha256-GTP5XCLPU2Hg2bQC5dVqSBF9ef5C/J6pD4qM09Ba4Gk=",
        "owner": "NixOS",
        "repo": "nixpkgs",
        "rev": "d9536b9b1e33377fb520e115bc8588d093ed97be",
        "type": "github"
      },
      "original": {
        "id": "nixpkgs",
        "ref": "nixos-22.05",
        "type": "indirect"
      }
    },
    "nixpkgs_6": {
      "locked": {
        "lastModified": 1729973466,
        "narHash": "sha256-knnVBGfTCZlQgxY1SgH0vn2OyehH9ykfF8geZgS95bk=",
        "owner": "nixos",
        "repo": "nixpkgs",
        "rev": "cd3e8833d70618c4eea8df06f95b364b016d4950",
        "type": "github"
      },
      "original": {
        "owner": "nixos",
        "ref": "nixos-24.05",
        "repo": "nixpkgs",
        "type": "github"
      }
    },
    "nixpkgs_7": {
      "locked": {
        "lastModified": 1683408522,
        "narHash": "sha256-9kcPh6Uxo17a3kK3XCHhcWiV1Yu1kYj22RHiymUhMkU=",
        "owner": "nixos",
        "repo": "nixpkgs",
        "rev": "897876e4c484f1e8f92009fd11b7d988a121a4e7",
        "type": "github"
      },
      "original": {
        "owner": "nixos",
        "ref": "nixos-unstable",
        "repo": "nixpkgs",
        "type": "github"
      }
    },
    "nixpkgs_8": {
      "locked": {
        "lastModified": 1625176478,
        "narHash": "sha256-s1RTYNKw7ySyqrZjns9Cq+Nnjpp75ePgL06pgcbIpoA=",
        "owner": "NixOS",
        "repo": "nixpkgs",
        "rev": "21b696caf392ad6fa513caf3327d0aa0430ffb72",
        "type": "github"
      },
      "original": {
        "id": "nixpkgs",
        "ref": "nixos-21.05",
        "type": "indirect"
      }
    },
    "nur": {
      "locked": {
        "lastModified": 1729855863,
        "narHash": "sha256-TEefmNTtVeQpxziZ9PjWkxAkRQexLEsXk22Wj6Q7IQ8=",
        "owner": "nix-community",
        "repo": "NUR",
        "rev": "7d7cbe07852abdfd4a3bc09cb565e294f3251548",
        "type": "github"
      },
      "original": {
        "owner": "nix-community",
        "repo": "NUR",
        "type": "github"
      }
    },
    "root": {
      "inputs": {
        "emacs-overlay": "emacs-overlay",
        "hm-kubernetes": "hm-kubernetes",
        "home-manager": "home-manager",
        "myDrvs": "myDrvs",
        "nix-index-database": "nix-index-database",
        "nix-portable-shell": "nix-portable-shell",
        "nix-soapui": "nix-soapui",
        "nixpkgs": "nixpkgs_6",
        "nur": "nur",
        "scripts": "scripts",
        "secrets": "secrets"
      }
    },
    "scripts": {
      "inputs": {
        "nixpkgs": "nixpkgs_7",
        "utils": "utils_2"
      },
      "locked": {
        "lastModified": 1732964407,
        "narHash": "sha256-UzblnFlCG+jLuvl0JWHOcBqFxMnjLmHiPTa0hSDl73g=",
        "owner": "huuff",
        "repo": "nix-scripts",
        "rev": "d1a4515b5a339ffa1b765b95e94879819b479e77",
        "type": "github"
      },
      "original": {
        "owner": "huuff",
        "repo": "nix-scripts",
        "type": "github"
      }
    },
    "secrets": {
      "inputs": {
        "flake-compat": "flake-compat_2",
        "nixpkgs": "nixpkgs_8"
      },
      "locked": {
        "lastModified": 1716299419,
        "narHash": "sha256-DT7VV7mukFjbirN984MYRyCXnJxtmCE7NdMU9zhpmaQ=",
        "ref": "refs/heads/master",
        "rev": "e40390e0603cc17ca066f48f80d89a2ce7698403",
        "revCount": 90,
        "type": "git",
        "url": "ssh://git@github.com/huuff/secrets.git"
      },
      "original": {
        "type": "git",
        "url": "ssh://git@github.com/huuff/secrets.git"
      }
    },
    "systems": {
      "locked": {
        "lastModified": 1681028828,
        "narHash": "sha256-Vy1rq5AaRuLzOxct8nz4T6wlgyUR7zLU309k9mBC768=",
        "owner": "nix-systems",
        "repo": "default",
        "rev": "da67096a3b9bf56a91d16901293e51ba5b49a27e",
        "type": "github"
      },
      "original": {
        "owner": "nix-systems",
        "repo": "default",
        "type": "github"
      }
    },
    "systems_2": {
      "locked": {
        "lastModified": 1681028828,
        "narHash": "sha256-Vy1rq5AaRuLzOxct8nz4T6wlgyUR7zLU309k9mBC768=",
        "owner": "nix-systems",
        "repo": "default",
        "rev": "da67096a3b9bf56a91d16901293e51ba5b49a27e",
        "type": "github"
      },
      "original": {
        "owner": "nix-systems",
        "repo": "default",
        "type": "github"
      }
    },
    "utils": {
      "locked": {
        "lastModified": 1623875721,
        "narHash": "sha256-A8BU7bjS5GirpAUv4QA+QnJ4CceLHkcXdRp4xITDB0s=",
        "owner": "numtide",
        "repo": "flake-utils",
        "rev": "f7e004a55b120c02ecb6219596820fcd32ca8772",
        "type": "github"
      },
      "original": {
        "owner": "numtide",
        "repo": "flake-utils",
        "type": "github"
      }
    },
    "utils_2": {
      "inputs": {
        "systems": "systems_2"
      },
      "locked": {
        "lastModified": 1731533236,
        "narHash": "sha256-l0KFg5HjrsfsO/JpG+r7fRrqm12kzFHyUHqHCVpMMbI=",
        "owner": "numtide",
        "repo": "flake-utils",
        "rev": "11707dc2f618dd54ca8739b309ec4fc024de578b",
        "type": "github"
      },
      "original": {
        "owner": "numtide",
        "repo": "flake-utils",
        "type": "github"
      }
    }
  },
  "root": "root",
  "version": 7
}
