{
  "nodes": {
    "emacs-overlay": {
      "locked": {
        "lastModified": 1642044102,
        "narHash": "sha256-GjDR4EmJw+OUCapU8Lx4VqKsycfr9Kd1gbeHL32q0jM=",
        "owner": "nix-community",
        "repo": "emacs-overlay",
        "rev": "7b47359a8007a77b36c8bc2484930f988333f3ce",
        "type": "github"
      },
      "original": {
        "owner": "nix-community",
        "repo": "emacs-overlay",
        "type": "github"
      }
    },
    "flake-compat": {
      "flake": false,
      "locked": {
        "lastModified": 1606424373,
        "narHash": "sha256-oq8d4//CJOrVj+EcOaSXvMebvuTkmBJuT5tzlfewUnQ=",
        "owner": "edolstra",
        "repo": "flake-compat",
        "rev": "99f1c2157fba4bfe6211a321fd0ee43199025dbf",
        "type": "github"
      },
      "original": {
        "owner": "edolstra",
        "repo": "flake-compat",
        "type": "github"
      }
    },
    "flake-compat_2": {
      "flake": false,
      "locked": {
        "lastModified": 1606424373,
        "narHash": "sha256-oq8d4//CJOrVj+EcOaSXvMebvuTkmBJuT5tzlfewUnQ=",
        "owner": "edolstra",
        "repo": "flake-compat",
        "rev": "99f1c2157fba4bfe6211a321fd0ee43199025dbf",
        "type": "github"
      },
      "original": {
        "owner": "edolstra",
        "repo": "flake-compat",
        "type": "github"
      }
    },
    "home-manager": {
      "inputs": {
        "nixpkgs": [
          "nixpkgs"
        ]
      },
      "locked": {
        "lastModified": 1641937533,
        "narHash": "sha256-IJbR1nNV6v/ruWv9iUFi9/qa8tFLmMhbVjzvhSWCWJY=",
        "owner": "nix-community",
        "repo": "home-manager",
        "rev": "d07df8d9a80a4a34ea881bee7860ae437c5d44a5",
        "type": "github"
      },
      "original": {
        "owner": "nix-community",
        "repo": "home-manager",
        "type": "github"
      }
    },
    "myDrvs": {
      "inputs": {
        "flake-compat": "flake-compat",
        "nixpkgs": "nixpkgs",
        "utils": "utils"
      },
      "locked": {
        "lastModified": 1629321512,
        "narHash": "sha256-J5Ixpk7IfMG6gWvWt8N6bEkZWvdOHgih2jbDrA1I2DM=",
        "owner": "huuff",
        "repo": "derivations",
        "rev": "1adba48822420af9d0c3b0c7240d69049cb28ab1",
        "type": "github"
      },
      "original": {
        "owner": "huuff",
        "repo": "derivations",
        "type": "github"
      }
    },
    "nixos-hardware": {
      "locked": {
        "lastModified": 1641965797,
        "narHash": "sha256-AfxfIzAZbt9aAzpVBn0Bwhd/M4Wix7G91kEjm9H6FPo=",
        "owner": "NixOS",
        "repo": "nixos-hardware",
        "rev": "87a35a0d58f546dc23f37b4f6af575d0e4be6a7a",
        "type": "github"
      },
      "original": {
        "owner": "NixOS",
        "ref": "master",
        "repo": "nixos-hardware",
        "type": "github"
      }
    },
    "nixpkgs": {
      "locked": {
        "lastModified": 1625419891,
        "narHash": "sha256-hf1/z/0oe8n/pKIpmogUpB+2T87O8ApV0691aqbcO9A=",
        "owner": "NixOS",
        "repo": "nixpkgs",
        "rev": "0a17f3b530f90f2f6d40a38f14d72549ddf0f873",
        "type": "github"
      },
      "original": {
        "owner": "NixOS",
        "repo": "nixpkgs",
        "type": "github"
      }
    },
    "nixpkgs_2": {
      "locked": {
        "lastModified": 1641887635,
        "narHash": "sha256-kDGpufwzVaiGe5e1sBUBPo9f1YN+nYHJlYqCaVpZTQQ=",
        "owner": "nixos",
        "repo": "nixpkgs",
        "rev": "b2737d4980a17cc2b7d600d7d0b32fd7333aca88",
        "type": "github"
      },
      "original": {
        "owner": "nixos",
        "ref": "nixos-unstable",
        "repo": "nixpkgs",
        "type": "github"
      }
    },
    "nixpkgs_3": {
      "locked": {
        "lastModified": 1625176478,
        "narHash": "sha256-s1RTYNKw7ySyqrZjns9Cq+Nnjpp75ePgL06pgcbIpoA=",
        "owner": "NixOS",
        "repo": "nixpkgs",
        "rev": "21b696caf392ad6fa513caf3327d0aa0430ffb72",
        "type": "github"
      },
      "original": {
        "id": "nixpkgs",
        "ref": "nixos-21.05",
        "type": "indirect"
      }
    },
    "nur": {
      "locked": {
        "lastModified": 1642062352,
        "narHash": "sha256-gaHT0vdrHyEfDz3FREwNT0v4iQDA2bO0YPfhzjPND80=",
        "owner": "nix-community",
        "repo": "NUR",
        "rev": "ca8ef7bd26c2ebac769b2e27cfd5b1a5130d2bd1",
        "type": "github"
      },
      "original": {
        "owner": "nix-community",
        "repo": "NUR",
        "type": "github"
      }
    },
    "root": {
      "inputs": {
        "emacs-overlay": "emacs-overlay",
        "home-manager": "home-manager",
        "myDrvs": "myDrvs",
        "nixos-hardware": "nixos-hardware",
        "nixpkgs": "nixpkgs_2",
        "nur": "nur",
        "secrets": "secrets"
      }
    },
    "secrets": {
      "inputs": {
        "flake-compat": "flake-compat_2",
        "nixpkgs": "nixpkgs_3"
      },
      "locked": {
        "lastModified": 1642499740,
        "narHash": "sha256-UM5DSUh+8unDaGMDPg9V8ZCy246y3iMO6UlZslhqtaQ=",
        "ref": "master",
        "rev": "a8e5ea071e54e7542032af931b9c668f2aba62f6",
        "revCount": 51,
        "type": "git",
        "url": "ssh://git@github.com/huuff/secrets.git"
      },
      "original": {
        "type": "git",
        "url": "ssh://git@github.com/huuff/secrets.git"
      }
    },
    "utils": {
      "locked": {
        "lastModified": 1623875721,
        "narHash": "sha256-A8BU7bjS5GirpAUv4QA+QnJ4CceLHkcXdRp4xITDB0s=",
        "owner": "numtide",
        "repo": "flake-utils",
        "rev": "f7e004a55b120c02ecb6219596820fcd32ca8772",
        "type": "github"
      },
      "original": {
        "owner": "numtide",
        "repo": "flake-utils",
        "type": "github"
      }
    }
  },
  "root": "root",
  "version": 7
}
